// !$*UTF8*$!
{
	archiveVersion = 1;
	classes = {
	};
	objectVersion = 46;
	objects = {

/* Begin PBXBuildFile section */
		840049D51C4CC5B200D20B90 /* ApprovePageListController.swift in Sources */ = {isa = PBXBuildFile; fileRef = 840049D41C4CC5B200D20B90 /* ApprovePageListController.swift */; };
		840049D71C4CC80B00D20B90 /* magnifie@2x.png in Resources */ = {isa = PBXBuildFile; fileRef = 840049D61C4CC80B00D20B90 /* magnifie@2x.png */; };
		8402B5281C4F7F5200D79ABB /* DetailsPageInfoController.swift in Sources */ = {isa = PBXBuildFile; fileRef = 8402B5271C4F7F5200D79ABB /* DetailsPageInfoController.swift */; };
		84049A281C6086C200D04DF7 /* Alamofire.framework in Frameworks */ = {isa = PBXBuildFile; fileRef = 84049A1B1C6086AE00D04DF7 /* Alamofire.framework */; };
		84049A291C6086C200D04DF7 /* Alamofire.framework in Embed Frameworks */ = {isa = PBXBuildFile; fileRef = 84049A1B1C6086AE00D04DF7 /* Alamofire.framework */; settings = {ATTRIBUTES = (CodeSignOnCopy, RemoveHeadersOnCopy, ); }; };
		840D67A61C57424F00D175EB /* icon58x58.png in Resources */ = {isa = PBXBuildFile; fileRef = 840D67A01C57424F00D175EB /* icon58x58.png */; };
		840D67A71C57424F00D175EB /* icon80x80.png in Resources */ = {isa = PBXBuildFile; fileRef = 840D67A11C57424F00D175EB /* icon80x80.png */; };
		840D67A81C57424F00D175EB /* icon87x87.png in Resources */ = {isa = PBXBuildFile; fileRef = 840D67A21C57424F00D175EB /* icon87x87.png */; };
		840D67A91C57424F00D175EB /* icon120x120.png in Resources */ = {isa = PBXBuildFile; fileRef = 840D67A31C57424F00D175EB /* icon120x120.png */; };
		840D67AA1C57424F00D175EB /* icon180x180.png in Resources */ = {isa = PBXBuildFile; fileRef = 840D67A41C57424F00D175EB /* icon180x180.png */; };
		840D67AB1C57424F00D175EB /* icon512x512.png in Resources */ = {isa = PBXBuildFile; fileRef = 840D67A51C57424F00D175EB /* icon512x512.png */; };
		840D67AD1C5763D900D175EB /* WebPageController.swift in Sources */ = {isa = PBXBuildFile; fileRef = 840D67AC1C5763D900D175EB /* WebPageController.swift */; };
		8412261F1C86D32C009B89D2 /* page1@3x.png in Resources */ = {isa = PBXBuildFile; fileRef = 8412261C1C86D32C009B89D2 /* page1@3x.png */; };
		841226201C86D32C009B89D2 /* page2@3x.png in Resources */ = {isa = PBXBuildFile; fileRef = 8412261D1C86D32C009B89D2 /* page2@3x.png */; };
		841226211C86D32C009B89D2 /* page3@3x.png in Resources */ = {isa = PBXBuildFile; fileRef = 8412261E1C86D32C009B89D2 /* page3@3x.png */; };
		841226281C86F8BE009B89D2 /* PersonalViewController.swift in Sources */ = {isa = PBXBuildFile; fileRef = 841226271C86F8BE009B89D2 /* PersonalViewController.swift */; };
		8412262A1C86FC8F009B89D2 /* logo@3x.png in Resources */ = {isa = PBXBuildFile; fileRef = 841226291C86FC8F009B89D2 /* logo@3x.png */; };
		843CDA141C87DD9900A55A8F /* AccountSideHomeController.swift in Sources */ = {isa = PBXBuildFile; fileRef = 843CDA131C87DD9900A55A8F /* AccountSideHomeController.swift */; };
		843CDA161C87DDFA00A55A8F /* RightSideHomeController.swift in Sources */ = {isa = PBXBuildFile; fileRef = 843CDA151C87DDFA00A55A8F /* RightSideHomeController.swift */; };
		8440A47D1C48C4D2009E8ADD /* ApprovePageHomeController.swift in Sources */ = {isa = PBXBuildFile; fileRef = 8440A47C1C48C4D2009E8ADD /* ApprovePageHomeController.swift */; };
		8440A47F1C48CCA8009E8ADD /* empty.png in Resources */ = {isa = PBXBuildFile; fileRef = 8440A47E1C48CCA8009E8ADD /* empty.png */; };
		8440A49A1C48D2BC009E8ADD /* ApprovePageHomeHotCell.swift in Sources */ = {isa = PBXBuildFile; fileRef = 8440A4991C48D2BC009E8ADD /* ApprovePageHomeHotCell.swift */; };
		8440A49D1C48D3BC009E8ADD /* BestUtils.swift in Sources */ = {isa = PBXBuildFile; fileRef = 8440A49C1C48D3BC009E8ADD /* BestUtils.swift */; };
		8450E3241C51D19200615BAE /* SearchViewController.swift in Sources */ = {isa = PBXBuildFile; fileRef = 8450E3231C51D19200615BAE /* SearchViewController.swift */; };
		847ABBC91C47AED1002C037E /* AppDelegate.swift in Sources */ = {isa = PBXBuildFile; fileRef = 847ABBC81C47AED1002C037E /* AppDelegate.swift */; };
		847ABBD01C47AED2002C037E /* Assets.xcassets in Resources */ = {isa = PBXBuildFile; fileRef = 847ABBCF1C47AED2002C037E /* Assets.xcassets */; };
		847ABBD31C47AED2002C037E /* LaunchScreen.storyboard in Resources */ = {isa = PBXBuildFile; fileRef = 847ABBD11C47AED2002C037E /* LaunchScreen.storyboard */; };
		847ABBDE1C47AED2002C037E /* BestPalmPilotTests.swift in Sources */ = {isa = PBXBuildFile; fileRef = 847ABBDD1C47AED2002C037E /* BestPalmPilotTests.swift */; };
		847ABBE91C47AED2002C037E /* BestPalmPilotUITests.swift in Sources */ = {isa = PBXBuildFile; fileRef = 847ABBE81C47AED2002C037E /* BestPalmPilotUITests.swift */; };
		847ABCA91C47AF3E002C037E /* passwordIcon.png in Resources */ = {isa = PBXBuildFile; fileRef = 847ABBFA1C47AF3E002C037E /* passwordIcon.png */; };
		847ABCAA1C47AF3E002C037E /* userIcon.png in Resources */ = {isa = PBXBuildFile; fileRef = 847ABBFB1C47AF3E002C037E /* userIcon.png */; };
		847ABCAB1C47AF3E002C037E /* AViewController.swift in Sources */ = {isa = PBXBuildFile; fileRef = 847ABBFC1C47AF3E002C037E /* AViewController.swift */; };
		847ABCAC1C47AF3E002C037E /* BestRemoteFacade.swift in Sources */ = {isa = PBXBuildFile; fileRef = 847ABBFE1C47AF3E002C037E /* BestRemoteFacade.swift */; };
		847ABCAD1C47AF3E002C037E /* UserDefaultCache.swift in Sources */ = {isa = PBXBuildFile; fileRef = 847ABBFF1C47AF3E002C037E /* UserDefaultCache.swift */; };
		847ABCBC1C47AF3E002C037E /* LoginViewController.swift in Sources */ = {isa = PBXBuildFile; fileRef = 847ABC251C47AF3E002C037E /* LoginViewController.swift */; };
		847ABCBD1C47AF3E002C037E /* MyTabItemRenderer.swift in Sources */ = {isa = PBXBuildFile; fileRef = 847ABC261C47AF3E002C037E /* MyTabItemRenderer.swift */; };
		847ABD171C47AF3E002C037E /* RootViewController.swift in Sources */ = {isa = PBXBuildFile; fileRef = 847ABCA71C47AF3E002C037E /* RootViewController.swift */; };
		84AE1E1D1C86912F0097CB4D /* home@3x.png in Resources */ = {isa = PBXBuildFile; fileRef = 84AE1E1A1C86912F0097CB4D /* home@3x.png */; };
		84AE1E1E1C86912F0097CB4D /* latest_news@3x.png in Resources */ = {isa = PBXBuildFile; fileRef = 84AE1E1B1C86912F0097CB4D /* latest_news@3x.png */; };
		84AE1E1F1C86912F0097CB4D /* personal@3x.png in Resources */ = {isa = PBXBuildFile; fileRef = 84AE1E1C1C86912F0097CB4D /* personal@3x.png */; };
		84AE1E241C8691730097CB4D /* history@3x.png in Resources */ = {isa = PBXBuildFile; fileRef = 84AE1E201C8691730097CB4D /* history@3x.png */; };
		84AE1E251C8691730097CB4D /* instruction@3x.png in Resources */ = {isa = PBXBuildFile; fileRef = 84AE1E211C8691730097CB4D /* instruction@3x.png */; };
		84AE1E261C8691730097CB4D /* message@3x.png in Resources */ = {isa = PBXBuildFile; fileRef = 84AE1E221C8691730097CB4D /* message@3x.png */; };
		84AE1E271C8691730097CB4D /* comment@3x.png in Resources */ = {isa = PBXBuildFile; fileRef = 84AE1E231C8691730097CB4D /* comment@3x.png */; };
		84AE1E2A1C8691B60097CB4D /* approve_tag00@3x.png in Resources */ = {isa = PBXBuildFile; fileRef = 84AE1E281C8691B60097CB4D /* approve_tag00@3x.png */; };
		84AE1E2B1C8691B60097CB4D /* approve_tag01@3x.png in Resources */ = {isa = PBXBuildFile; fileRef = 84AE1E291C8691B60097CB4D /* approve_tag01@3x.png */; };
		84AE1E2D1C86921E0097CB4D /* campaign@3x.png in Resources */ = {isa = PBXBuildFile; fileRef = 84AE1E2C1C86921E0097CB4D /* campaign@3x.png */; };
		84F52B7A1C4E3BC400CF96FE /* DetailsPageHomeController.swift in Sources */ = {isa = PBXBuildFile; fileRef = 84F52B791C4E3BC400CF96FE /* DetailsPageHomeController.swift */; };
		84F7B3641C51F85200F32756 /* searchOut.jpg in Resources */ = {isa = PBXBuildFile; fileRef = 84F7B3631C51F85200F32756 /* searchOut.jpg */; };
		84FBD1AA1C5621B200B0969D /* HelpListViewController.swift in Sources */ = {isa = PBXBuildFile; fileRef = 84FBD1A91C5621B200B0969D /* HelpListViewController.swift */; };
		84FBD1AD1C56378D00B0969D /* phone.png in Resources */ = {isa = PBXBuildFile; fileRef = 84FBD1AC1C56378D00B0969D /* phone.png */; };
		84FEB9F81D587F5D00D5BC80 /* CoreLibrary.framework in Frameworks */ = {isa = PBXBuildFile; fileRef = 84FEB9F71D587F4E00D5BC80 /* CoreLibrary.framework */; };
		84FEB9F91D587F5D00D5BC80 /* CoreLibrary.framework in Embed Frameworks */ = {isa = PBXBuildFile; fileRef = 84FEB9F71D587F4E00D5BC80 /* CoreLibrary.framework */; settings = {ATTRIBUTES = (CodeSignOnCopy, RemoveHeadersOnCopy, ); }; };
		84FEDF051C5F2B4C00B163D9 /* CommentPageController.swift in Sources */ = {isa = PBXBuildFile; fileRef = 84FEDF041C5F2B4C00B163D9 /* CommentPageController.swift */; };
		84FEDF0D1C5F456200B163D9 /* star.png in Resources */ = {isa = PBXBuildFile; fileRef = 84FEDF0C1C5F456200B163D9 /* star.png */; };
/* End PBXBuildFile section */

/* Begin PBXContainerItemProxy section */
		84049A1A1C6086AE00D04DF7 /* PBXContainerItemProxy */ = {
			isa = PBXContainerItemProxy;
			containerPortal = 84049A101C6086AD00D04DF7 /* Alamofire.xcodeproj */;
			proxyType = 2;
			remoteGlobalIDString = F8111E3319A95C8B0040E7D1;
			remoteInfo = "Alamofire iOS";
		};
		84049A1C1C6086AE00D04DF7 /* PBXContainerItemProxy */ = {
			isa = PBXContainerItemProxy;
			containerPortal = 84049A101C6086AD00D04DF7 /* Alamofire.xcodeproj */;
			proxyType = 2;
			remoteGlobalIDString = F8111E3E19A95C8B0040E7D1;
			remoteInfo = "Alamofire iOS Tests";
		};
		84049A1E1C6086AE00D04DF7 /* PBXContainerItemProxy */ = {
			isa = PBXContainerItemProxy;
			containerPortal = 84049A101C6086AD00D04DF7 /* Alamofire.xcodeproj */;
			proxyType = 2;
			remoteGlobalIDString = 4DD67C0B1A5C55C900ED2280;
			remoteInfo = "Alamofire OSX";
		};
		84049A201C6086AE00D04DF7 /* PBXContainerItemProxy */ = {
			isa = PBXContainerItemProxy;
			containerPortal = 84049A101C6086AD00D04DF7 /* Alamofire.xcodeproj */;
			proxyType = 2;
			remoteGlobalIDString = F829C6B21A7A94F100A2CD59;
			remoteInfo = "Alamofire OSX Tests";
		};
		84049A221C6086AE00D04DF7 /* PBXContainerItemProxy */ = {
			isa = PBXContainerItemProxy;
			containerPortal = 84049A101C6086AD00D04DF7 /* Alamofire.xcodeproj */;
			proxyType = 2;
			remoteGlobalIDString = 4CF626EF1BA7CB3E0011A099;
			remoteInfo = "Alamofire tvOS";
		};
		84049A241C6086AE00D04DF7 /* PBXContainerItemProxy */ = {
			isa = PBXContainerItemProxy;
			containerPortal = 84049A101C6086AD00D04DF7 /* Alamofire.xcodeproj */;
			proxyType = 2;
			remoteGlobalIDString = 4CF626F81BA7CB3E0011A099;
			remoteInfo = "Alamofire tvOS Tests";
		};
		84049A261C6086AE00D04DF7 /* PBXContainerItemProxy */ = {
			isa = PBXContainerItemProxy;
			containerPortal = 84049A101C6086AD00D04DF7 /* Alamofire.xcodeproj */;
			proxyType = 2;
			remoteGlobalIDString = E4202FE01B667AA100C997FB;
			remoteInfo = "Alamofire watchOS";
		};
		84049A2A1C6086C300D04DF7 /* PBXContainerItemProxy */ = {
			isa = PBXContainerItemProxy;
			containerPortal = 84049A101C6086AD00D04DF7 /* Alamofire.xcodeproj */;
			proxyType = 1;
			remoteGlobalIDString = F8111E3219A95C8B0040E7D1;
			remoteInfo = "Alamofire iOS";
		};
		847ABBDA1C47AED2002C037E /* PBXContainerItemProxy */ = {
			isa = PBXContainerItemProxy;
			containerPortal = 847ABBBD1C47AED1002C037E /* Project object */;
			proxyType = 1;
			remoteGlobalIDString = 847ABBC41C47AED1002C037E;
			remoteInfo = BestPalmPilot;
		};
		847ABBE51C47AED2002C037E /* PBXContainerItemProxy */ = {
			isa = PBXContainerItemProxy;
			containerPortal = 847ABBBD1C47AED1002C037E /* Project object */;
			proxyType = 1;
			remoteGlobalIDString = 847ABBC41C47AED1002C037E;
			remoteInfo = BestPalmPilot;
		};
		84FEB9F61D587F4E00D5BC80 /* PBXContainerItemProxy */ = {
			isa = PBXContainerItemProxy;
			containerPortal = 84FEB9F21D587F4D00D5BC80 /* CoreLibrary.xcodeproj */;
			proxyType = 2;
			remoteGlobalIDString = 8437DD981D534D7D00623EAA;
			remoteInfo = CoreLibrary;
		};
		84FEB9FA1D587F5D00D5BC80 /* PBXContainerItemProxy */ = {
			isa = PBXContainerItemProxy;
			containerPortal = 84FEB9F21D587F4D00D5BC80 /* CoreLibrary.xcodeproj */;
			proxyType = 1;
			remoteGlobalIDString = 8437DD971D534D7D00623EAA;
			remoteInfo = CoreLibrary;
		};
/* End PBXContainerItemProxy section */

/* Begin PBXCopyFilesBuildPhase section */
		847ABD521C47B304002C037E /* Embed Frameworks */ = {
			isa = PBXCopyFilesBuildPhase;
			buildActionMask = 2147483647;
			dstPath = "";
			dstSubfolderSpec = 10;
			files = (
				84049A291C6086C200D04DF7 /* Alamofire.framework in Embed Frameworks */,
				84FEB9F91D587F5D00D5BC80 /* CoreLibrary.framework in Embed Frameworks */,
			);
			name = "Embed Frameworks";
			runOnlyForDeploymentPostprocessing = 0;
		};
/* End PBXCopyFilesBuildPhase section */

/* Begin PBXFileReference section */
		840049D41C4CC5B200D20B90 /* ApprovePageListController.swift */ = {isa = PBXFileReference; fileEncoding = 4; lastKnownFileType = sourcecode.swift; path = ApprovePageListController.swift; sourceTree = "<group>"; };
		840049D61C4CC80B00D20B90 /* magnifie@2x.png */ = {isa = PBXFileReference; lastKnownFileType = image.png; path = "magnifie@2x.png"; sourceTree = "<group>"; };
		8402B5271C4F7F5200D79ABB /* DetailsPageInfoController.swift */ = {isa = PBXFileReference; fileEncoding = 4; lastKnownFileType = sourcecode.swift; path = DetailsPageInfoController.swift; sourceTree = "<group>"; };
		84049A101C6086AD00D04DF7 /* Alamofire.xcodeproj */ = {isa = PBXFileReference; lastKnownFileType = "wrapper.pb-project"; name = Alamofire.xcodeproj; path = "../Alamofire-master/Alamofire.xcodeproj"; sourceTree = "<group>"; };
		840D67A01C57424F00D175EB /* icon58x58.png */ = {isa = PBXFileReference; lastKnownFileType = image.png; path = icon58x58.png; sourceTree = "<group>"; };
		840D67A11C57424F00D175EB /* icon80x80.png */ = {isa = PBXFileReference; lastKnownFileType = image.png; path = icon80x80.png; sourceTree = "<group>"; };
		840D67A21C57424F00D175EB /* icon87x87.png */ = {isa = PBXFileReference; lastKnownFileType = image.png; path = icon87x87.png; sourceTree = "<group>"; };
		840D67A31C57424F00D175EB /* icon120x120.png */ = {isa = PBXFileReference; lastKnownFileType = image.png; path = icon120x120.png; sourceTree = "<group>"; };
		840D67A41C57424F00D175EB /* icon180x180.png */ = {isa = PBXFileReference; lastKnownFileType = image.png; path = icon180x180.png; sourceTree = "<group>"; };
		840D67A51C57424F00D175EB /* icon512x512.png */ = {isa = PBXFileReference; lastKnownFileType = image.png; path = icon512x512.png; sourceTree = "<group>"; };
		840D67AC1C5763D900D175EB /* WebPageController.swift */ = {isa = PBXFileReference; fileEncoding = 4; lastKnownFileType = sourcecode.swift; path = WebPageController.swift; sourceTree = "<group>"; };
		8412261C1C86D32C009B89D2 /* page1@3x.png */ = {isa = PBXFileReference; lastKnownFileType = image.png; path = "page1@3x.png"; sourceTree = "<group>"; };
		8412261D1C86D32C009B89D2 /* page2@3x.png */ = {isa = PBXFileReference; lastKnownFileType = image.png; path = "page2@3x.png"; sourceTree = "<group>"; };
		8412261E1C86D32C009B89D2 /* page3@3x.png */ = {isa = PBXFileReference; lastKnownFileType = image.png; path = "page3@3x.png"; sourceTree = "<group>"; };
		841226271C86F8BE009B89D2 /* PersonalViewController.swift */ = {isa = PBXFileReference; fileEncoding = 4; lastKnownFileType = sourcecode.swift; path = PersonalViewController.swift; sourceTree = "<group>"; };
		841226291C86FC8F009B89D2 /* logo@3x.png */ = {isa = PBXFileReference; lastKnownFileType = image.png; path = "logo@3x.png"; sourceTree = "<group>"; };
		843CDA131C87DD9900A55A8F /* AccountSideHomeController.swift */ = {isa = PBXFileReference; fileEncoding = 4; lastKnownFileType = sourcecode.swift; path = AccountSideHomeController.swift; sourceTree = "<group>"; };
		843CDA151C87DDFA00A55A8F /* RightSideHomeController.swift */ = {isa = PBXFileReference; fileEncoding = 4; lastKnownFileType = sourcecode.swift; path = RightSideHomeController.swift; sourceTree = "<group>"; };
		8440A47C1C48C4D2009E8ADD /* ApprovePageHomeController.swift */ = {isa = PBXFileReference; fileEncoding = 4; lastKnownFileType = sourcecode.swift; path = ApprovePageHomeController.swift; sourceTree = "<group>"; };
		8440A47E1C48CCA8009E8ADD /* empty.png */ = {isa = PBXFileReference; lastKnownFileType = image.png; path = empty.png; sourceTree = "<group>"; };
		8440A4991C48D2BC009E8ADD /* ApprovePageHomeHotCell.swift */ = {isa = PBXFileReference; fileEncoding = 4; lastKnownFileType = sourcecode.swift; path = ApprovePageHomeHotCell.swift; sourceTree = "<group>"; };
		8440A49C1C48D3BC009E8ADD /* BestUtils.swift */ = {isa = PBXFileReference; fileEncoding = 4; lastKnownFileType = sourcecode.swift; path = BestUtils.swift; sourceTree = "<group>"; };
		8450E3231C51D19200615BAE /* SearchViewController.swift */ = {isa = PBXFileReference; fileEncoding = 4; lastKnownFileType = sourcecode.swift; path = SearchViewController.swift; sourceTree = "<group>"; };
		847ABBC51C47AED1002C037E /* BestPalmPilot.app */ = {isa = PBXFileReference; explicitFileType = wrapper.application; includeInIndex = 0; path = BestPalmPilot.app; sourceTree = BUILT_PRODUCTS_DIR; };
		847ABBC81C47AED1002C037E /* AppDelegate.swift */ = {isa = PBXFileReference; lastKnownFileType = sourcecode.swift; path = AppDelegate.swift; sourceTree = "<group>"; };
		847ABBCF1C47AED2002C037E /* Assets.xcassets */ = {isa = PBXFileReference; lastKnownFileType = folder.assetcatalog; path = Assets.xcassets; sourceTree = "<group>"; };
		847ABBD21C47AED2002C037E /* Base */ = {isa = PBXFileReference; lastKnownFileType = file.storyboard; name = Base; path = Base.lproj/LaunchScreen.storyboard; sourceTree = "<group>"; };
		847ABBD41C47AED2002C037E /* Info.plist */ = {isa = PBXFileReference; lastKnownFileType = text.plist.xml; path = Info.plist; sourceTree = "<group>"; };
		847ABBD91C47AED2002C037E /* BestPalmPilotTests.xctest */ = {isa = PBXFileReference; explicitFileType = wrapper.cfbundle; includeInIndex = 0; path = BestPalmPilotTests.xctest; sourceTree = BUILT_PRODUCTS_DIR; };
		847ABBDD1C47AED2002C037E /* BestPalmPilotTests.swift */ = {isa = PBXFileReference; lastKnownFileType = sourcecode.swift; path = BestPalmPilotTests.swift; sourceTree = "<group>"; };
		847ABBDF1C47AED2002C037E /* Info.plist */ = {isa = PBXFileReference; lastKnownFileType = text.plist.xml; path = Info.plist; sourceTree = "<group>"; };
		847ABBE41C47AED2002C037E /* BestPalmPilotUITests.xctest */ = {isa = PBXFileReference; explicitFileType = wrapper.cfbundle; includeInIndex = 0; path = BestPalmPilotUITests.xctest; sourceTree = BUILT_PRODUCTS_DIR; };
		847ABBE81C47AED2002C037E /* BestPalmPilotUITests.swift */ = {isa = PBXFileReference; lastKnownFileType = sourcecode.swift; path = BestPalmPilotUITests.swift; sourceTree = "<group>"; };
		847ABBEA1C47AED2002C037E /* Info.plist */ = {isa = PBXFileReference; lastKnownFileType = text.plist.xml; path = Info.plist; sourceTree = "<group>"; };
		847ABBF61C47AF3E002C037E /* Application-Bridging-Header.h */ = {isa = PBXFileReference; fileEncoding = 4; lastKnownFileType = sourcecode.c.h; path = "Application-Bridging-Header.h"; sourceTree = "<group>"; };
		847ABBFA1C47AF3E002C037E /* passwordIcon.png */ = {isa = PBXFileReference; lastKnownFileType = image.png; path = passwordIcon.png; sourceTree = "<group>"; };
		847ABBFB1C47AF3E002C037E /* userIcon.png */ = {isa = PBXFileReference; lastKnownFileType = image.png; path = userIcon.png; sourceTree = "<group>"; };
		847ABBFC1C47AF3E002C037E /* AViewController.swift */ = {isa = PBXFileReference; fileEncoding = 4; lastKnownFileType = sourcecode.swift; path = AViewController.swift; sourceTree = "<group>"; };
		847ABBFE1C47AF3E002C037E /* BestRemoteFacade.swift */ = {isa = PBXFileReference; fileEncoding = 4; lastKnownFileType = sourcecode.swift; path = BestRemoteFacade.swift; sourceTree = "<group>"; };
		847ABBFF1C47AF3E002C037E /* UserDefaultCache.swift */ = {isa = PBXFileReference; fileEncoding = 4; lastKnownFileType = sourcecode.swift; path = UserDefaultCache.swift; sourceTree = "<group>"; };
		847ABC251C47AF3E002C037E /* LoginViewController.swift */ = {isa = PBXFileReference; fileEncoding = 4; lastKnownFileType = sourcecode.swift; path = LoginViewController.swift; sourceTree = "<group>"; };
		847ABC261C47AF3E002C037E /* MyTabItemRenderer.swift */ = {isa = PBXFileReference; fileEncoding = 4; lastKnownFileType = sourcecode.swift; path = MyTabItemRenderer.swift; sourceTree = "<group>"; };
		847ABCA71C47AF3E002C037E /* RootViewController.swift */ = {isa = PBXFileReference; fileEncoding = 4; lastKnownFileType = sourcecode.swift; path = RootViewController.swift; sourceTree = "<group>"; };
		84AE1E1A1C86912F0097CB4D /* home@3x.png */ = {isa = PBXFileReference; lastKnownFileType = image.png; path = "home@3x.png"; sourceTree = "<group>"; };
		84AE1E1B1C86912F0097CB4D /* latest_news@3x.png */ = {isa = PBXFileReference; lastKnownFileType = image.png; path = "latest_news@3x.png"; sourceTree = "<group>"; };
		84AE1E1C1C86912F0097CB4D /* personal@3x.png */ = {isa = PBXFileReference; lastKnownFileType = image.png; path = "personal@3x.png"; sourceTree = "<group>"; };
		84AE1E201C8691730097CB4D /* history@3x.png */ = {isa = PBXFileReference; lastKnownFileType = image.png; path = "history@3x.png"; sourceTree = "<group>"; };
		84AE1E211C8691730097CB4D /* instruction@3x.png */ = {isa = PBXFileReference; lastKnownFileType = image.png; path = "instruction@3x.png"; sourceTree = "<group>"; };
		84AE1E221C8691730097CB4D /* message@3x.png */ = {isa = PBXFileReference; lastKnownFileType = image.png; path = "message@3x.png"; sourceTree = "<group>"; };
		84AE1E231C8691730097CB4D /* comment@3x.png */ = {isa = PBXFileReference; lastKnownFileType = image.png; path = "comment@3x.png"; sourceTree = "<group>"; };
		84AE1E281C8691B60097CB4D /* approve_tag00@3x.png */ = {isa = PBXFileReference; lastKnownFileType = image.png; path = "approve_tag00@3x.png"; sourceTree = "<group>"; };
		84AE1E291C8691B60097CB4D /* approve_tag01@3x.png */ = {isa = PBXFileReference; lastKnownFileType = image.png; path = "approve_tag01@3x.png"; sourceTree = "<group>"; };
		84AE1E2C1C86921E0097CB4D /* campaign@3x.png */ = {isa = PBXFileReference; lastKnownFileType = image.png; path = "campaign@3x.png"; sourceTree = "<group>"; };
		84F52B791C4E3BC400CF96FE /* DetailsPageHomeController.swift */ = {isa = PBXFileReference; fileEncoding = 4; lastKnownFileType = sourcecode.swift; path = DetailsPageHomeController.swift; sourceTree = "<group>"; };
		84F7B3631C51F85200F32756 /* searchOut.jpg */ = {isa = PBXFileReference; lastKnownFileType = image.jpeg; path = searchOut.jpg; sourceTree = "<group>"; };
		84FBD1A91C5621B200B0969D /* HelpListViewController.swift */ = {isa = PBXFileReference; fileEncoding = 4; lastKnownFileType = sourcecode.swift; path = HelpListViewController.swift; sourceTree = "<group>"; };
		84FBD1AC1C56378D00B0969D /* phone.png */ = {isa = PBXFileReference; lastKnownFileType = image.png; path = phone.png; sourceTree = "<group>"; };
		84FEB9F21D587F4D00D5BC80 /* CoreLibrary.xcodeproj */ = {isa = PBXFileReference; lastKnownFileType = "wrapper.pb-project"; name = CoreLibrary.xcodeproj; path = ../../CoreLibraryDevelop/CoreLibrary.xcodeproj; sourceTree = "<group>"; };
		84FEDF041C5F2B4C00B163D9 /* CommentPageController.swift */ = {isa = PBXFileReference; fileEncoding = 4; lastKnownFileType = sourcecode.swift; path = CommentPageController.swift; sourceTree = "<group>"; };
		84FEDF0C1C5F456200B163D9 /* star.png */ = {isa = PBXFileReference; lastKnownFileType = image.png; path = star.png; sourceTree = "<group>"; };
/* End PBXFileReference section */

/* Begin PBXFrameworksBuildPhase section */
		847ABBC21C47AED1002C037E /* Frameworks */ = {
			isa = PBXFrameworksBuildPhase;
			buildActionMask = 2147483647;
			files = (
				84049A281C6086C200D04DF7 /* Alamofire.framework in Frameworks */,
				84FEB9F81D587F5D00D5BC80 /* CoreLibrary.framework in Frameworks */,
			);
			runOnlyForDeploymentPostprocessing = 0;
		};
		847ABBD61C47AED2002C037E /* Frameworks */ = {
			isa = PBXFrameworksBuildPhase;
			buildActionMask = 2147483647;
			files = (
			);
			runOnlyForDeploymentPostprocessing = 0;
		};
		847ABBE11C47AED2002C037E /* Frameworks */ = {
			isa = PBXFrameworksBuildPhase;
			buildActionMask = 2147483647;
			files = (
			);
			runOnlyForDeploymentPostprocessing = 0;
		};
/* End PBXFrameworksBuildPhase section */

/* Begin PBXGroup section */
		84049A111C6086AD00D04DF7 /* Products */ = {
			isa = PBXGroup;
			children = (
				84049A1B1C6086AE00D04DF7 /* Alamofire.framework */,
				84049A1D1C6086AE00D04DF7 /* Alamofire iOS Tests.xctest */,
				84049A1F1C6086AE00D04DF7 /* Alamofire.framework */,
				84049A211C6086AE00D04DF7 /* Alamofire OSX Tests.xctest */,
				84049A231C6086AE00D04DF7 /* Alamofire.framework */,
				84049A251C6086AE00D04DF7 /* Alamofire tvOS Tests.xctest */,
				84049A271C6086AE00D04DF7 /* Alamofire.framework */,
			);
			name = Products;
			sourceTree = "<group>";
		};
		841226151C86D317009B89D2 /* Intro */ = {
			isa = PBXGroup;
			children = (
				8412261C1C86D32C009B89D2 /* page1@3x.png */,
				8412261D1C86D32C009B89D2 /* page2@3x.png */,
				8412261E1C86D32C009B89D2 /* page3@3x.png */,
			);
			path = Intro;
			sourceTree = "<group>";
		};
		841226261C86F894009B89D2 /* Personal */ = {
			isa = PBXGroup;
			children = (
				841226271C86F8BE009B89D2 /* PersonalViewController.swift */,
			);
			path = Personal;
			sourceTree = "<group>";
		};
		843CDA121C87DD9900A55A8F /* Side */ = {
			isa = PBXGroup;
			children = (
				843CDA131C87DD9900A55A8F /* AccountSideHomeController.swift */,
				843CDA151C87DDFA00A55A8F /* RightSideHomeController.swift */,
			);
			path = Side;
			sourceTree = "<group>";
		};
		8440A4541C48C383009E8ADD /* Tabbar */ = {
			isa = PBXGroup;
			children = (
				84AE1E1A1C86912F0097CB4D /* home@3x.png */,
				84AE1E1B1C86912F0097CB4D /* latest_news@3x.png */,
				84AE1E1C1C86912F0097CB4D /* personal@3x.png */,
			);
			path = Tabbar;
			sourceTree = "<group>";
		};
		8440A47B1C48C463009E8ADD /* Approve */ = {
			isa = PBXGroup;
			children = (
				8440A47C1C48C4D2009E8ADD /* ApprovePageHomeController.swift */,
				8440A4991C48D2BC009E8ADD /* ApprovePageHomeHotCell.swift */,
				840049D41C4CC5B200D20B90 /* ApprovePageListController.swift */,
			);
			path = Approve;
			sourceTree = "<group>";
		};
		8440A4801C48D02C009E8ADD /* Approve */ = {
			isa = PBXGroup;
			children = (
				8486BFE91C4C8EC90066E3F1 /* Hot */,
				8486BFF61C4C8EC90066E3F1 /* Tag */,
			);
			path = Approve;
			sourceTree = "<group>";
		};
		8440A49B1C48D3A2009E8ADD /* Util */ = {
			isa = PBXGroup;
			children = (
				8440A49C1C48D3BC009E8ADD /* BestUtils.swift */,
			);
			path = Util;
			sourceTree = "<group>";
		};
		8450E31C1C51D15700615BAE /* Search */ = {
			isa = PBXGroup;
			children = (
				8450E3231C51D19200615BAE /* SearchViewController.swift */,
			);
			path = Search;
			sourceTree = "<group>";
		};
		846388971C572ADF0079A07A /* APPIcon */ = {
			isa = PBXGroup;
			children = (
				841226291C86FC8F009B89D2 /* logo@3x.png */,
				840D67A01C57424F00D175EB /* icon58x58.png */,
				840D67A11C57424F00D175EB /* icon80x80.png */,
				840D67A21C57424F00D175EB /* icon87x87.png */,
				840D67A31C57424F00D175EB /* icon120x120.png */,
				840D67A41C57424F00D175EB /* icon180x180.png */,
				840D67A51C57424F00D175EB /* icon512x512.png */,
			);
			path = APPIcon;
			sourceTree = "<group>";
		};
		847ABBBC1C47AED1002C037E = {
			isa = PBXGroup;
			children = (
				847ABBC71C47AED1002C037E /* BestPalmPilot */,
				847ABBDC1C47AED2002C037E /* BestPalmPilotTests */,
				847ABBE71C47AED2002C037E /* BestPalmPilotUITests */,
				847ABBC61C47AED1002C037E /* Products */,
				84FEB9F21D587F4D00D5BC80 /* CoreLibrary.xcodeproj */,
				84049A101C6086AD00D04DF7 /* Alamofire.xcodeproj */,
			);
			sourceTree = "<group>";
		};
		847ABBC61C47AED1002C037E /* Products */ = {
			isa = PBXGroup;
			children = (
				847ABBC51C47AED1002C037E /* BestPalmPilot.app */,
				847ABBD91C47AED2002C037E /* BestPalmPilotTests.xctest */,
				847ABBE41C47AED2002C037E /* BestPalmPilotUITests.xctest */,
			);
			name = Products;
			sourceTree = "<group>";
		};
		847ABBC71C47AED1002C037E /* BestPalmPilot */ = {
			isa = PBXGroup;
			children = (
				843CDA121C87DD9900A55A8F /* Side */,
				841226261C86F894009B89D2 /* Personal */,
				847ABBFD1C47AF3E002C037E /* Facade */,
				8440A49B1C48D3A2009E8ADD /* Util */,
				8450E31C1C51D15700615BAE /* Search */,
				84F52B781C4E3B9900CF96FE /* Details */,
				847ABC241C47AF3E002C037E /* Login */,
				8440A47B1C48C463009E8ADD /* Approve */,
				84FBD1A81C56217900B0969D /* Hot */,
				847ABBF71C47AF3E002C037E /* assets */,
				847ABCA71C47AF3E002C037E /* RootViewController.swift */,
				847ABC261C47AF3E002C037E /* MyTabItemRenderer.swift */,
				847ABBC81C47AED1002C037E /* AppDelegate.swift */,
				847ABBFC1C47AF3E002C037E /* AViewController.swift */,
				847ABBF61C47AF3E002C037E /* Application-Bridging-Header.h */,
				847ABBCF1C47AED2002C037E /* Assets.xcassets */,
				847ABBD11C47AED2002C037E /* LaunchScreen.storyboard */,
				847ABBD41C47AED2002C037E /* Info.plist */,
			);
			path = BestPalmPilot;
			sourceTree = "<group>";
		};
		847ABBDC1C47AED2002C037E /* BestPalmPilotTests */ = {
			isa = PBXGroup;
			children = (
				847ABBDD1C47AED2002C037E /* BestPalmPilotTests.swift */,
				847ABBDF1C47AED2002C037E /* Info.plist */,
			);
			path = BestPalmPilotTests;
			sourceTree = "<group>";
		};
		847ABBE71C47AED2002C037E /* BestPalmPilotUITests */ = {
			isa = PBXGroup;
			children = (
				847ABBE81C47AED2002C037E /* BestPalmPilotUITests.swift */,
				847ABBEA1C47AED2002C037E /* Info.plist */,
			);
			path = BestPalmPilotUITests;
			sourceTree = "<group>";
		};
		847ABBF71C47AF3E002C037E /* assets */ = {
			isa = PBXGroup;
			children = (
				841226151C86D317009B89D2 /* Intro */,
				846388971C572ADF0079A07A /* APPIcon */,
				840049D61C4CC80B00D20B90 /* magnifie@2x.png */,
				84AE1E2C1C86921E0097CB4D /* campaign@3x.png */,
				8440A47E1C48CCA8009E8ADD /* empty.png */,
				84FBD1AB1C56377600B0969D /* Hot */,
				84F7B35C1C51F82B00F32756 /* Search */,
				8440A4801C48D02C009E8ADD /* Approve */,
				8440A4541C48C383009E8ADD /* Tabbar */,
				847ABBF81C47AF3E002C037E /* Login */,
			);
			path = assets;
			sourceTree = "<group>";
		};
		847ABBF81C47AF3E002C037E /* Login */ = {
			isa = PBXGroup;
			children = (
				847ABBFA1C47AF3E002C037E /* passwordIcon.png */,
				847ABBFB1C47AF3E002C037E /* userIcon.png */,
			);
			path = Login;
			sourceTree = "<group>";
		};
		847ABBFD1C47AF3E002C037E /* Facade */ = {
			isa = PBXGroup;
			children = (
				847ABBFE1C47AF3E002C037E /* BestRemoteFacade.swift */,
				847ABBFF1C47AF3E002C037E /* UserDefaultCache.swift */,
			);
			path = Facade;
			sourceTree = "<group>";
		};
		847ABC241C47AF3E002C037E /* Login */ = {
			isa = PBXGroup;
			children = (
				847ABC251C47AF3E002C037E /* LoginViewController.swift */,
			);
			path = Login;
			sourceTree = "<group>";
		};
		8486BFE91C4C8EC90066E3F1 /* Hot */ = {
			isa = PBXGroup;
			children = (
				84AE1E201C8691730097CB4D /* history@3x.png */,
				84AE1E211C8691730097CB4D /* instruction@3x.png */,
				84AE1E221C8691730097CB4D /* message@3x.png */,
				84AE1E231C8691730097CB4D /* comment@3x.png */,
			);
			path = Hot;
			sourceTree = "<group>";
		};
		8486BFF61C4C8EC90066E3F1 /* Tag */ = {
			isa = PBXGroup;
			children = (
				84AE1E281C8691B60097CB4D /* approve_tag00@3x.png */,
				84AE1E291C8691B60097CB4D /* approve_tag01@3x.png */,
			);
			path = Tag;
			sourceTree = "<group>";
		};
		84F52B781C4E3B9900CF96FE /* Details */ = {
			isa = PBXGroup;
			children = (
				84F52B791C4E3BC400CF96FE /* DetailsPageHomeController.swift */,
				8402B5271C4F7F5200D79ABB /* DetailsPageInfoController.swift */,
			);
			path = Details;
			sourceTree = "<group>";
		};
		84F7B35C1C51F82B00F32756 /* Search */ = {
			isa = PBXGroup;
			children = (
				84F7B3631C51F85200F32756 /* searchOut.jpg */,
			);
			path = Search;
			sourceTree = "<group>";
		};
		84FBD1A81C56217900B0969D /* Hot */ = {
			isa = PBXGroup;
			children = (
				84FBD1A91C5621B200B0969D /* HelpListViewController.swift */,
				840D67AC1C5763D900D175EB /* WebPageController.swift */,
				84FEDF041C5F2B4C00B163D9 /* CommentPageController.swift */,
			);
			path = Hot;
			sourceTree = "<group>";
		};
		84FBD1AB1C56377600B0969D /* Hot */ = {
			isa = PBXGroup;
			children = (
				84FEDF0C1C5F456200B163D9 /* star.png */,
				84FBD1AC1C56378D00B0969D /* phone.png */,
			);
			path = Hot;
			sourceTree = "<group>";
		};
		84FEB9F31D587F4D00D5BC80 /* Products */ = {
			isa = PBXGroup;
			children = (
				84FEB9F71D587F4E00D5BC80 /* CoreLibrary.framework */,
			);
			name = Products;
			sourceTree = "<group>";
		};
/* End PBXGroup section */

/* Begin PBXNativeTarget section */
		847ABBC41C47AED1002C037E /* BestPalmPilot */ = {
			isa = PBXNativeTarget;
			buildConfigurationList = 847ABBED1C47AED2002C037E /* Build configuration list for PBXNativeTarget "BestPalmPilot" */;
			buildPhases = (
				847ABBC11C47AED1002C037E /* Sources */,
				847ABBC21C47AED1002C037E /* Frameworks */,
				847ABBC31C47AED1002C037E /* Resources */,
				847ABD521C47B304002C037E /* Embed Frameworks */,
			);
			buildRules = (
			);
			dependencies = (
				84049A2B1C6086C300D04DF7 /* PBXTargetDependency */,
				84FEB9FB1D587F5D00D5BC80 /* PBXTargetDependency */,
			);
			name = BestPalmPilot;
			productName = BestPalmPilot;
			productReference = 847ABBC51C47AED1002C037E /* BestPalmPilot.app */;
			productType = "com.apple.product-type.application";
		};
		847ABBD81C47AED2002C037E /* BestPalmPilotTests */ = {
			isa = PBXNativeTarget;
			buildConfigurationList = 847ABBF01C47AED2002C037E /* Build configuration list for PBXNativeTarget "BestPalmPilotTests" */;
			buildPhases = (
				847ABBD51C47AED2002C037E /* Sources */,
				847ABBD61C47AED2002C037E /* Frameworks */,
				847ABBD71C47AED2002C037E /* Resources */,
			);
			buildRules = (
			);
			dependencies = (
				847ABBDB1C47AED2002C037E /* PBXTargetDependency */,
			);
			name = BestPalmPilotTests;
			productName = BestPalmPilotTests;
			productReference = 847ABBD91C47AED2002C037E /* BestPalmPilotTests.xctest */;
			productType = "com.apple.product-type.bundle.unit-test";
		};
		847ABBE31C47AED2002C037E /* BestPalmPilotUITests */ = {
			isa = PBXNativeTarget;
			buildConfigurationList = 847ABBF31C47AED2002C037E /* Build configuration list for PBXNativeTarget "BestPalmPilotUITests" */;
			buildPhases = (
				847ABBE01C47AED2002C037E /* Sources */,
				847ABBE11C47AED2002C037E /* Frameworks */,
				847ABBE21C47AED2002C037E /* Resources */,
			);
			buildRules = (
			);
			dependencies = (
				847ABBE61C47AED2002C037E /* PBXTargetDependency */,
			);
			name = BestPalmPilotUITests;
			productName = BestPalmPilotUITests;
			productReference = 847ABBE41C47AED2002C037E /* BestPalmPilotUITests.xctest */;
			productType = "com.apple.product-type.bundle.ui-testing";
		};
/* End PBXNativeTarget section */

/* Begin PBXProject section */
		847ABBBD1C47AED1002C037E /* Project object */ = {
			isa = PBXProject;
			attributes = {
				LastSwiftUpdateCheck = 0710;
				LastUpgradeCheck = 0710;
				ORGANIZATIONNAME = admin;
				TargetAttributes = {
					847ABBC41C47AED1002C037E = {
						CreatedOnToolsVersion = 7.1.1;
					};
					847ABBD81C47AED2002C037E = {
						CreatedOnToolsVersion = 7.1.1;
						TestTargetID = 847ABBC41C47AED1002C037E;
					};
					847ABBE31C47AED2002C037E = {
						CreatedOnToolsVersion = 7.1.1;
						TestTargetID = 847ABBC41C47AED1002C037E;
					};
				};
			};
			buildConfigurationList = 847ABBC01C47AED1002C037E /* Build configuration list for PBXProject "BestPalmPilot" */;
			compatibilityVersion = "Xcode 3.2";
			developmentRegion = English;
			hasScannedForEncodings = 0;
			knownRegions = (
				en,
				Base,
			);
			mainGroup = 847ABBBC1C47AED1002C037E;
			productRefGroup = 847ABBC61C47AED1002C037E /* Products */;
			projectDirPath = "";
			projectReferences = (
				{
					ProductGroup = 84049A111C6086AD00D04DF7 /* Products */;
					ProjectRef = 84049A101C6086AD00D04DF7 /* Alamofire.xcodeproj */;
				},
				{
					ProductGroup = 84FEB9F31D587F4D00D5BC80 /* Products */;
					ProjectRef = 84FEB9F21D587F4D00D5BC80 /* CoreLibrary.xcodeproj */;
				},
			);
			projectRoot = "";
			targets = (
				847ABBC41C47AED1002C037E /* BestPalmPilot */,
				847ABBD81C47AED2002C037E /* BestPalmPilotTests */,
				847ABBE31C47AED2002C037E /* BestPalmPilotUITests */,
			);
		};
/* End PBXProject section */

/* Begin PBXReferenceProxy section */
		84049A1B1C6086AE00D04DF7 /* Alamofire.framework */ = {
			isa = PBXReferenceProxy;
			fileType = wrapper.framework;
			path = Alamofire.framework;
			remoteRef = 84049A1A1C6086AE00D04DF7 /* PBXContainerItemProxy */;
			sourceTree = BUILT_PRODUCTS_DIR;
		};
		84049A1D1C6086AE00D04DF7 /* Alamofire iOS Tests.xctest */ = {
			isa = PBXReferenceProxy;
			fileType = wrapper.cfbundle;
			path = "Alamofire iOS Tests.xctest";
			remoteRef = 84049A1C1C6086AE00D04DF7 /* PBXContainerItemProxy */;
			sourceTree = BUILT_PRODUCTS_DIR;
		};
		84049A1F1C6086AE00D04DF7 /* Alamofire.framework */ = {
			isa = PBXReferenceProxy;
			fileType = wrapper.framework;
			path = Alamofire.framework;
			remoteRef = 84049A1E1C6086AE00D04DF7 /* PBXContainerItemProxy */;
			sourceTree = BUILT_PRODUCTS_DIR;
		};
		84049A211C6086AE00D04DF7 /* Alamofire OSX Tests.xctest */ = {
			isa = PBXReferenceProxy;
			fileType = wrapper.cfbundle;
			path = "Alamofire OSX Tests.xctest";
			remoteRef = 84049A201C6086AE00D04DF7 /* PBXContainerItemProxy */;
			sourceTree = BUILT_PRODUCTS_DIR;
		};
		84049A231C6086AE00D04DF7 /* Alamofire.framework */ = {
			isa = PBXReferenceProxy;
			fileType = wrapper.framework;
			path = Alamofire.framework;
			remoteRef = 84049A221C6086AE00D04DF7 /* PBXContainerItemProxy */;
			sourceTree = BUILT_PRODUCTS_DIR;
		};
		84049A251C6086AE00D04DF7 /* Alamofire tvOS Tests.xctest */ = {
			isa = PBXReferenceProxy;
			fileType = wrapper.cfbundle;
			path = "Alamofire tvOS Tests.xctest";
			remoteRef = 84049A241C6086AE00D04DF7 /* PBXContainerItemProxy */;
			sourceTree = BUILT_PRODUCTS_DIR;
		};
		84049A271C6086AE00D04DF7 /* Alamofire.framework */ = {
			isa = PBXReferenceProxy;
			fileType = wrapper.framework;
			path = Alamofire.framework;
			remoteRef = 84049A261C6086AE00D04DF7 /* PBXContainerItemProxy */;
			sourceTree = BUILT_PRODUCTS_DIR;
		};
		84FEB9F71D587F4E00D5BC80 /* CoreLibrary.framework */ = {
			isa = PBXReferenceProxy;
			fileType = wrapper.framework;
			path = CoreLibrary.framework;
			remoteRef = 84FEB9F61D587F4E00D5BC80 /* PBXContainerItemProxy */;
			sourceTree = BUILT_PRODUCTS_DIR;
		};
/* End PBXReferenceProxy section */

/* Begin PBXResourcesBuildPhase section */
		847ABBC31C47AED1002C037E /* Resources */ = {
			isa = PBXResourcesBuildPhase;
			buildActionMask = 2147483647;
			files = (
				8412261F1C86D32C009B89D2 /* page1@3x.png in Resources */,
				840D67A61C57424F00D175EB /* icon58x58.png in Resources */,
				847ABBD31C47AED2002C037E /* LaunchScreen.storyboard in Resources */,
				84AE1E1E1C86912F0097CB4D /* latest_news@3x.png in Resources */,
				84AE1E251C8691730097CB4D /* instruction@3x.png in Resources */,
				847ABCA91C47AF3E002C037E /* passwordIcon.png in Resources */,
				840049D71C4CC80B00D20B90 /* magnifie@2x.png in Resources */,
				84FEDF0D1C5F456200B163D9 /* star.png in Resources */,
				84AE1E2A1C8691B60097CB4D /* approve_tag00@3x.png in Resources */,
				84AE1E271C8691730097CB4D /* comment@3x.png in Resources */,
				84F7B3641C51F85200F32756 /* searchOut.jpg in Resources */,
				841226201C86D32C009B89D2 /* page2@3x.png in Resources */,
				847ABCAA1C47AF3E002C037E /* userIcon.png in Resources */,
				840D67AA1C57424F00D175EB /* icon180x180.png in Resources */,
				84AE1E2D1C86921E0097CB4D /* campaign@3x.png in Resources */,
				841226211C86D32C009B89D2 /* page3@3x.png in Resources */,
				84AE1E1F1C86912F0097CB4D /* personal@3x.png in Resources */,
				84AE1E1D1C86912F0097CB4D /* home@3x.png in Resources */,
				84AE1E2B1C8691B60097CB4D /* approve_tag01@3x.png in Resources */,
				840D67A71C57424F00D175EB /* icon80x80.png in Resources */,
				84AE1E261C8691730097CB4D /* message@3x.png in Resources */,
				840D67AB1C57424F00D175EB /* icon512x512.png in Resources */,
				84FBD1AD1C56378D00B0969D /* phone.png in Resources */,
				840D67A91C57424F00D175EB /* icon120x120.png in Resources */,
				840D67A81C57424F00D175EB /* icon87x87.png in Resources */,
				8412262A1C86FC8F009B89D2 /* logo@3x.png in Resources */,
				847ABBD01C47AED2002C037E /* Assets.xcassets in Resources */,
				8440A47F1C48CCA8009E8ADD /* empty.png in Resources */,
				84AE1E241C8691730097CB4D /* history@3x.png in Resources */,
			);
			runOnlyForDeploymentPostprocessing = 0;
		};
		847ABBD71C47AED2002C037E /* Resources */ = {
			isa = PBXResourcesBuildPhase;
			buildActionMask = 2147483647;
			files = (
			);
			runOnlyForDeploymentPostprocessing = 0;
		};
		847ABBE21C47AED2002C037E /* Resources */ = {
			isa = PBXResourcesBuildPhase;
			buildActionMask = 2147483647;
			files = (
			);
			runOnlyForDeploymentPostprocessing = 0;
		};
/* End PBXResourcesBuildPhase section */

/* Begin PBXSourcesBuildPhase section */
		847ABBC11C47AED1002C037E /* Sources */ = {
			isa = PBXSourcesBuildPhase;
			buildActionMask = 2147483647;
			files = (
				84FEDF051C5F2B4C00B163D9 /* CommentPageController.swift in Sources */,
				841226281C86F8BE009B89D2 /* PersonalViewController.swift in Sources */,
				847ABCBC1C47AF3E002C037E /* LoginViewController.swift in Sources */,
				847ABCAB1C47AF3E002C037E /* AViewController.swift in Sources */,
				847ABBC91C47AED1002C037E /* AppDelegate.swift in Sources */,
				8402B5281C4F7F5200D79ABB /* DetailsPageInfoController.swift in Sources */,
				8440A49D1C48D3BC009E8ADD /* BestUtils.swift in Sources */,
				847ABD171C47AF3E002C037E /* RootViewController.swift in Sources */,
				8440A47D1C48C4D2009E8ADD /* ApprovePageHomeController.swift in Sources */,
				840049D51C4CC5B200D20B90 /* ApprovePageListController.swift in Sources */,
				843CDA141C87DD9900A55A8F /* AccountSideHomeController.swift in Sources */,
				847ABCAC1C47AF3E002C037E /* BestRemoteFacade.swift in Sources */,
				84FBD1AA1C5621B200B0969D /* HelpListViewController.swift in Sources */,
				840D67AD1C5763D900D175EB /* WebPageController.swift in Sources */,
				8440A49A1C48D2BC009E8ADD /* ApprovePageHomeHotCell.swift in Sources */,
				847ABCBD1C47AF3E002C037E /* MyTabItemRenderer.swift in Sources */,
				847ABCAD1C47AF3E002C037E /* UserDefaultCache.swift in Sources */,
				84F52B7A1C4E3BC400CF96FE /* DetailsPageHomeController.swift in Sources */,
				843CDA161C87DDFA00A55A8F /* RightSideHomeController.swift in Sources */,
				8450E3241C51D19200615BAE /* SearchViewController.swift in Sources */,
			);
			runOnlyForDeploymentPostprocessing = 0;
		};
		847ABBD51C47AED2002C037E /* Sources */ = {
			isa = PBXSourcesBuildPhase;
			buildActionMask = 2147483647;
			files = (
				847ABBDE1C47AED2002C037E /* BestPalmPilotTests.swift in Sources */,
			);
			runOnlyForDeploymentPostprocessing = 0;
		};
		847ABBE01C47AED2002C037E /* Sources */ = {
			isa = PBXSourcesBuildPhase;
			buildActionMask = 2147483647;
			files = (
				847ABBE91C47AED2002C037E /* BestPalmPilotUITests.swift in Sources */,
			);
			runOnlyForDeploymentPostprocessing = 0;
		};
/* End PBXSourcesBuildPhase section */

/* Begin PBXTargetDependency section */
		84049A2B1C6086C300D04DF7 /* PBXTargetDependency */ = {
			isa = PBXTargetDependency;
			name = "Alamofire iOS";
			targetProxy = 84049A2A1C6086C300D04DF7 /* PBXContainerItemProxy */;
		};
		847ABBDB1C47AED2002C037E /* PBXTargetDependency */ = {
			isa = PBXTargetDependency;
			target = 847ABBC41C47AED1002C037E /* BestPalmPilot */;
			targetProxy = 847ABBDA1C47AED2002C037E /* PBXContainerItemProxy */;
		};
		847ABBE61C47AED2002C037E /* PBXTargetDependency */ = {
			isa = PBXTargetDependency;
			target = 847ABBC41C47AED1002C037E /* BestPalmPilot */;
			targetProxy = 847ABBE51C47AED2002C037E /* PBXContainerItemProxy */;
		};
		84FEB9FB1D587F5D00D5BC80 /* PBXTargetDependency */ = {
			isa = PBXTargetDependency;
			name = CoreLibrary;
			targetProxy = 84FEB9FA1D587F5D00D5BC80 /* PBXContainerItemProxy */;
		};
/* End PBXTargetDependency section */

/* Begin PBXVariantGroup section */
		847ABBD11C47AED2002C037E /* LaunchScreen.storyboard */ = {
			isa = PBXVariantGroup;
			children = (
				847ABBD21C47AED2002C037E /* Base */,
			);
			name = LaunchScreen.storyboard;
			sourceTree = "<group>";
		};
/* End PBXVariantGroup section */

/* Begin XCBuildConfiguration section */
		847ABBEB1C47AED2002C037E /* Debug */ = {
			isa = XCBuildConfiguration;
			buildSettings = {
				ALWAYS_SEARCH_USER_PATHS = NO;
				CLANG_CXX_LANGUAGE_STANDARD = "gnu++0x";
				CLANG_CXX_LIBRARY = "libc++";
				CLANG_ENABLE_MODULES = YES;
				CLANG_ENABLE_OBJC_ARC = YES;
				CLANG_WARN_BOOL_CONVERSION = YES;
				CLANG_WARN_CONSTANT_CONVERSION = YES;
				CLANG_WARN_DIRECT_OBJC_ISA_USAGE = YES_ERROR;
				CLANG_WARN_EMPTY_BODY = YES;
				CLANG_WARN_ENUM_CONVERSION = YES;
				CLANG_WARN_INT_CONVERSION = YES;
				CLANG_WARN_OBJC_ROOT_CLASS = YES_ERROR;
				CLANG_WARN_UNREACHABLE_CODE = YES;
				CLANG_WARN__DUPLICATE_METHOD_MATCH = YES;
				"CODE_SIGN_IDENTITY[sdk=iphoneos*]" = "iPhone Developer";
				COPY_PHASE_STRIP = NO;
				DEBUG_INFORMATION_FORMAT = dwarf;
				ENABLE_STRICT_OBJC_MSGSEND = YES;
				ENABLE_TESTABILITY = YES;
				GCC_C_LANGUAGE_STANDARD = gnu99;
				GCC_DYNAMIC_NO_PIC = NO;
				GCC_NO_COMMON_BLOCKS = YES;
				GCC_OPTIMIZATION_LEVEL = 0;
				GCC_PREPROCESSOR_DEFINITIONS = (
					"DEBUG=1",
					"$(inherited)",
				);
				GCC_WARN_64_TO_32_BIT_CONVERSION = YES;
				GCC_WARN_ABOUT_RETURN_TYPE = YES_ERROR;
				GCC_WARN_UNDECLARED_SELECTOR = YES;
				GCC_WARN_UNINITIALIZED_AUTOS = YES_AGGRESSIVE;
				GCC_WARN_UNUSED_FUNCTION = YES;
				GCC_WARN_UNUSED_VARIABLE = YES;
				IPHONEOS_DEPLOYMENT_TARGET = 8.0;
				MTL_ENABLE_DEBUG_INFO = YES;
				ONLY_ACTIVE_ARCH = YES;
				SDKROOT = iphoneos;
				"SWIFT_OBJC_BRIDGING_HEADER[arch=*]" = "BestPalmPilot/Application-Bridging-Header.h";
				SWIFT_OPTIMIZATION_LEVEL = "-Onone";
				TARGETED_DEVICE_FAMILY = "1,2";
			};
			name = Debug;
		};
		847ABBEC1C47AED2002C037E /* Release */ = {
			isa = XCBuildConfiguration;
			buildSettings = {
				ALWAYS_SEARCH_USER_PATHS = NO;
				CLANG_CXX_LANGUAGE_STANDARD = "gnu++0x";
				CLANG_CXX_LIBRARY = "libc++";
				CLANG_ENABLE_MODULES = YES;
				CLANG_ENABLE_OBJC_ARC = YES;
				CLANG_WARN_BOOL_CONVERSION = YES;
				CLANG_WARN_CONSTANT_CONVERSION = YES;
				CLANG_WARN_DIRECT_OBJC_ISA_USAGE = YES_ERROR;
				CLANG_WARN_EMPTY_BODY = YES;
				CLANG_WARN_ENUM_CONVERSION = YES;
				CLANG_WARN_INT_CONVERSION = YES;
				CLANG_WARN_OBJC_ROOT_CLASS = YES_ERROR;
				CLANG_WARN_UNREACHABLE_CODE = YES;
				CLANG_WARN__DUPLICATE_METHOD_MATCH = YES;
				"CODE_SIGN_IDENTITY[sdk=iphoneos*]" = "iPhone Developer";
				COPY_PHASE_STRIP = NO;
				DEBUG_INFORMATION_FORMAT = "dwarf-with-dsym";
				ENABLE_NS_ASSERTIONS = NO;
				ENABLE_STRICT_OBJC_MSGSEND = YES;
				GCC_C_LANGUAGE_STANDARD = gnu99;
				GCC_NO_COMMON_BLOCKS = YES;
				GCC_WARN_64_TO_32_BIT_CONVERSION = YES;
				GCC_WARN_ABOUT_RETURN_TYPE = YES_ERROR;
				GCC_WARN_UNDECLARED_SELECTOR = YES;
				GCC_WARN_UNINITIALIZED_AUTOS = YES_AGGRESSIVE;
				GCC_WARN_UNUSED_FUNCTION = YES;
				GCC_WARN_UNUSED_VARIABLE = YES;
				IPHONEOS_DEPLOYMENT_TARGET = 8.0;
				MTL_ENABLE_DEBUG_INFO = NO;
				SDKROOT = iphoneos;
				"SWIFT_OBJC_BRIDGING_HEADER[arch=*]" = "BestPalmPilot/Application-Bridging-Header.h";
				TARGETED_DEVICE_FAMILY = "1,2";
				VALIDATE_PRODUCT = YES;
			};
			name = Release;
		};
		847ABBEE1C47AED2002C037E /* Debug */ = {
			isa = XCBuildConfiguration;
			buildSettings = {
				APP_DISPLAY_NAME = "审批管家测试版";
				ASSETCATALOG_COMPILER_APPICON_NAME = AppIcon;
				CODE_SIGN_IDENTITY = "iPhone Developer";
				EMBEDDED_CONTENT_CONTAINS_SWIFT = YES;
				INFOPLIST_FILE = BestPalmPilot/Info.plist;
				IPHONEOS_DEPLOYMENT_TARGET = 8.0;
				LD_RUNPATH_SEARCH_PATHS = "$(inherited) @executable_path/Frameworks";
				New_Setting = "";
				New_Setting1 = "";
				New_Setting2 = "";
				PRODUCT_BUNDLE_IDENTIFIER = com.best.oasis.ios.iapp2;
				PRODUCT_NAME = "$(TARGET_NAME)";
				TARGETED_DEVICE_FAMILY = 1;
			};
			name = Debug;
		};
		847ABBEF1C47AED2002C037E /* Release */ = {
			isa = XCBuildConfiguration;
			buildSettings = {
				APP_DISPLAY_NAME = "审批管家";
				ASSETCATALOG_COMPILER_APPICON_NAME = AppIcon;
				CODE_SIGN_IDENTITY = "iPhone Developer";
				EMBEDDED_CONTENT_CONTAINS_SWIFT = YES;
				INFOPLIST_FILE = BestPalmPilot/Info.plist;
				IPHONEOS_DEPLOYMENT_TARGET = 8.0;
				LD_RUNPATH_SEARCH_PATHS = "$(inherited) @executable_path/Frameworks";
				New_Setting = "";
				New_Setting1 = "";
				New_Setting2 = "";
				PRODUCT_BUNDLE_IDENTIFIER = com.best.oasis.ios.iapp2;
				PRODUCT_NAME = "$(TARGET_NAME)";
				TARGETED_DEVICE_FAMILY = 1;
			};
			name = Release;
		};
		847ABBF11C47AED2002C037E /* Debug */ = {
			isa = XCBuildConfiguration;
			buildSettings = {
				BUNDLE_LOADER = "$(TEST_HOST)";
				INFOPLIST_FILE = BestPalmPilotTests/Info.plist;
				LD_RUNPATH_SEARCH_PATHS = "$(inherited) @executable_path/Frameworks @loader_path/Frameworks";
				PRODUCT_BUNDLE_IDENTIFIER = com.best.BestPalmPilotTests;
				PRODUCT_NAME = "$(TARGET_NAME)";
				TEST_HOST = "$(BUILT_PRODUCTS_DIR)/BestPalmPilot.app/BestPalmPilot";
			};
			name = Debug;
		};
		847ABBF21C47AED2002C037E /* Release */ = {
			isa = XCBuildConfiguration;
			buildSettings = {
				BUNDLE_LOADER = "$(TEST_HOST)";
				INFOPLIST_FILE = BestPalmPilotTests/Info.plist;
				LD_RUNPATH_SEARCH_PATHS = "$(inherited) @executable_path/Frameworks @loader_path/Frameworks";
				PRODUCT_BUNDLE_IDENTIFIER = com.best.BestPalmPilotTests;
				PRODUCT_NAME = "$(TARGET_NAME)";
				TEST_HOST = "$(BUILT_PRODUCTS_DIR)/BestPalmPilot.app/BestPalmPilot";
			};
			name = Release;
		};
		847ABBF41C47AED2002C037E /* Debug */ = {
			isa = XCBuildConfiguration;
			buildSettings = {
				INFOPLIST_FILE = BestPalmPilotUITests/Info.plist;
				LD_RUNPATH_SEARCH_PATHS = "$(inherited) @executable_path/Frameworks @loader_path/Frameworks";
				PRODUCT_BUNDLE_IDENTIFIER = com.best.BestPalmPilotUITests;
				PRODUCT_NAME = "$(TARGET_NAME)";
				TEST_TARGET_NAME = BestPalmPilot;
				USES_XCTRUNNER = YES;
			};
			name = Debug;
		};
		847ABBF51C47AED2002C037E /* Release */ = {
			isa = XCBuildConfiguration;
			buildSettings = {
				INFOPLIST_FILE = BestPalmPilotUITests/Info.plist;
				LD_RUNPATH_SEARCH_PATHS = "$(inherited) @executable_path/Frameworks @loader_path/Frameworks";
				PRODUCT_BUNDLE_IDENTIFIER = com.best.BestPalmPilotUITests;
				PRODUCT_NAME = "$(TARGET_NAME)";
				TEST_TARGET_NAME = BestPalmPilot;
				USES_XCTRUNNER = YES;
			};
			name = Release;
		};
/* End XCBuildConfiguration section */

/* Begin XCConfigurationList section */
		847ABBC01C47AED1002C037E /* Build configuration list for PBXProject "BestPalmPilot" */ = {
			isa = XCConfigurationList;
			buildConfigurations = (
				847ABBEB1C47AED2002C037E /* Debug */,
				847ABBEC1C47AED2002C037E /* Release */,
			);
			defaultConfigurationIsVisible = 0;
			defaultConfigurationName = Release;
		};
		847ABBED1C47AED2002C037E /* Build configuration list for PBXNativeTarget "BestPalmPilot" */ = {
			isa = XCConfigurationList;
			buildConfigurations = (
				847ABBEE1C47AED2002C037E /* Debug */,
				847ABBEF1C47AED2002C037E /* Release */,
			);
			defaultConfigurationIsVisible = 0;
			defaultConfigurationName = Release;
		};
		847ABBF01C47AED2002C037E /* Build configuration list for PBXNativeTarget "BestPalmPilotTests" */ = {
			isa = XCConfigurationList;
			buildConfigurations = (
				847ABBF11C47AED2002C037E /* Debug */,
				847ABBF21C47AED2002C037E /* Release */,
			);
			defaultConfigurationIsVisible = 0;
			defaultConfigurationName = Release;
		};
		847ABBF31C47AED2002C037E /* Build configuration list for PBXNativeTarget "BestPalmPilotUITests" */ = {
			isa = XCConfigurationList;
			buildConfigurations = (
				847ABBF41C47AED2002C037E /* Debug */,
				847ABBF51C47AED2002C037E /* Release */,
			);
			defaultConfigurationIsVisible = 0;
			defaultConfigurationName = Release;
		};
/* End XCConfigurationList section */
	};
	rootObject = 847ABBBD1C47AED1002C037E /* Project object */;
}
